<?xml version="1.0" encoding="utf-8"?>
<Project ToolsVersion="4.0" xmlns="http://schemas.microsoft.com/developer/msbuild/2003">
  <ItemGroup>
    <Filter Include="Source Files">
      <UniqueIdentifier>{4FC737F1-C7A5-4376-A066-2A32D752A2FF}</UniqueIdentifier>
      <Extensions>cpp;c;cc;cxx;def;odl;idl;hpj;bat;asm;asmx</Extensions>
    </Filter>
    <Filter Include="Header Files">
      <UniqueIdentifier>{93995380-89BD-4b04-88EB-625FBE52EBFB}</UniqueIdentifier>
      <Extensions>h;hh;hpp;hxx;hm;inl;inc;ipp;xsd</Extensions>
    </Filter>
    <Filter Include="Resource Files">
      <UniqueIdentifier>{67DA6AB6-F800-4c08-8B7A-83BB121AAD01}</UniqueIdentifier>
      <Extensions>rc;ico;cur;bmp;dlg;rc2;rct;bin;rgs;gif;jpg;jpeg;jpe;resx;tiff;tif;png;wav;mfcribbon-ms</Extensions>
    </Filter>
    <Filter Include="Header Files\Utilities">
      <UniqueIdentifier>{692fb5f8-8420-4967-b9de-bc9aa554cad3}</UniqueIdentifier>
    </Filter>
    <Filter Include="Source Files\Utilities">
      <UniqueIdentifier>{98e0ff2e-50a0-4229-b627-78e42dbd3f1d}</UniqueIdentifier>
    </Filter>
    <Filter Include="Header Files\Types">
      <UniqueIdentifier>{d9540f05-fdba-4bfc-a832-eb98fc6dd241}</UniqueIdentifier>
    </Filter>
    <Filter Include="Source Files\Types">
      <UniqueIdentifier>{fa657277-7277-4800-bc24-daca0511555d}</UniqueIdentifier>
    </Filter>
  </ItemGroup>
  <ItemGroup>
    <ClCompile Include="test.cpp">
      <Filter>Source Files</Filter>
    </ClCompile>
    <ClCompile Include="GraphQL\Utilities\SchemaBuilder.cpp">
      <Filter>Source Files\Utilities</Filter>
    </ClCompile>
    <ClCompile Include="GraphQL\Types\Schema.cpp">
      <Filter>Source Files\Types</Filter>
    </ClCompile>
    <ClCompile Include="GraphQL\Types\INamedType.cpp">
      <Filter>Source Files\Types</Filter>
    </ClCompile>
    <ClCompile Include="GraphQL\Types\DirectiveGraphType.cpp">
      <Filter>Source Files\Types</Filter>
    </ClCompile>
    <ClCompile Include="GraphQL\Schema.cpp">
      <Filter>Source Files</Filter>
    </ClCompile>
  </ItemGroup>
  <ItemGroup>
    <ClInclude Include="GraphQL\Utilities\SchemaBuilder.h">
      <Filter>Header Files\Utilities</Filter>
    </ClInclude>
    <ClInclude Include="GraphQL\Types\Schema.h">
      <Filter>Header Files\Types</Filter>
    </ClInclude>
    <ClInclude Include="GraphQL\Types\ISchema.h">
      <Filter>Header Files\Types</Filter>
    </ClInclude>
    <ClInclude Include="GraphQL\Types\DirectiveGraphType.h">
      <Filter>Header Files\Types</Filter>
    </ClInclude>
    <ClInclude Include="GraphQL\Types\INamedType.h">
      <Filter>Header Files\Types</Filter>
    </ClInclude>
    <ClInclude Include="GraphQL\Types\IGraphType.h">
      <Filter>Header Files\Types</Filter>
    </ClInclude>
    <ClInclude Include="GraphQL\Types\TypeCollectionContext.h">
      <Filter>Header Files\Types</Filter>
    </ClInclude>
    <ClInclude Include="GraphQL\Types\DirectiveLocation.h">
      <Filter>Header Files\Types</Filter>
    </ClInclude>
    <ClInclude Include="GraphQL\Types\QueryArgument.h">
      <Filter>Header Files\Types</Filter>
    </ClInclude>
    <ClInclude Include="GraphQL\Types\IObjectGraphType.h">
      <Filter>Header Files\Types</Filter>
    </ClInclude>
    <ClInclude Include="GraphQL\Types\IComplexGraphType.h">
      <Filter>Header Files\Types</Filter>
    </ClInclude>
    <ClInclude Include="GraphQL\GraphQL.h">
      <Filter>Header Files</Filter>
    </ClInclude>
    <ClInclude Include="GraphQL\Types\IImplementInterfaces.h">
      <Filter>Header Files\Types</Filter>
    </ClInclude>
    <ClInclude Include="GraphQL\Schema.h">
      <Filter>Header Files</Filter>
    </ClInclude>
  </ItemGroup>
</Project>