<?xml version="1.0" encoding="utf-8"?>
<Project ToolsVersion="4.0" xmlns="http://schemas.microsoft.com/developer/msbuild/2003">
  <ItemGroup>
    <Filter Include="Source Files">
      <UniqueIdentifier>{4FC737F1-C7A5-4376-A066-2A32D752A2FF}</UniqueIdentifier>
      <Extensions>cpp;c;cc;cxx;def;odl;idl;hpj;bat;asm;asmx</Extensions>
    </Filter>
    <Filter Include="Resource Files">
      <UniqueIdentifier>{67DA6AB6-F800-4c08-8B7A-83BB121AAD01}</UniqueIdentifier>
      <Extensions>rc;ico;cur;bmp;dlg;rc2;rct;bin;rgs;gif;jpg;jpeg;jpe;resx;tiff;tif;png;wav;mfcribbon-ms</Extensions>
    </Filter>
    <Filter Include="Header Files">
      <UniqueIdentifier>{93995380-89BD-4b04-88EB-625FBE52EBFB}</UniqueIdentifier>
      <Extensions>h;hh;hpp;hxx;hm;inl;inc;ipp;xsd</Extensions>
    </Filter>
    <Filter Include="Header Files\AST">
      <UniqueIdentifier>{9b35a332-0b73-4aa4-b4dd-d2107e42901f}</UniqueIdentifier>
    </Filter>
  </ItemGroup>
  <ItemGroup>
    <ClInclude Include="GraphQLParser\AST\ASTNode.h">
      <Filter>Header Files\AST</Filter>
    </ClInclude>
    <ClInclude Include="GraphQLParser\AST\Enums.h">
      <Filter>Header Files\AST</Filter>
    </ClInclude>
    <ClInclude Include="GraphQLParser\AST\GraphQLComment.h">
      <Filter>Header Files\AST</Filter>
    </ClInclude>
    <ClInclude Include="GraphQLParser\AST\GraphQLDocument.h">
      <Filter>Header Files\AST</Filter>
    </ClInclude>
    <ClInclude Include="GraphQLParser\AST\GraphQLLocation.h">
      <Filter>Header Files\AST</Filter>
    </ClInclude>
    <ClInclude Include="GraphQLParser\ILexer.h">
      <Filter>Header Files</Filter>
    </ClInclude>
    <ClInclude Include="GraphQLParser\ISource.h">
      <Filter>Header Files</Filter>
    </ClInclude>
    <ClInclude Include="GraphQLParser\Lexer.h">
      <Filter>Header Files</Filter>
    </ClInclude>
    <ClInclude Include="GraphQLParser\Parser.h">
      <Filter>Header Files</Filter>
    </ClInclude>
    <ClInclude Include="GraphQLParser\ParserContext.h">
      <Filter>Header Files</Filter>
    </ClInclude>
    <ClInclude Include="GraphQLParser\Token.h">
      <Filter>Header Files</Filter>
    </ClInclude>
    <ClInclude Include="GraphQLParser\TokenKind.h">
      <Filter>Header Files</Filter>
    </ClInclude>
  </ItemGroup>
</Project>