<?xml version="1.0" encoding="utf-8"?>
<Project ToolsVersion="4.0" xmlns="http://schemas.microsoft.com/developer/msbuild/2003">
  <ItemGroup>
    <Filter Include="Source Files">
      <UniqueIdentifier>{4FC737F1-C7A5-4376-A066-2A32D752A2FF}</UniqueIdentifier>
      <Extensions>cpp;c;cc;cxx;def;odl;idl;hpj;bat;asm;asmx</Extensions>
    </Filter>
    <Filter Include="Resource Files">
      <UniqueIdentifier>{67DA6AB6-F800-4c08-8B7A-83BB121AAD01}</UniqueIdentifier>
      <Extensions>rc;ico;cur;bmp;dlg;rc2;rct;bin;rgs;gif;jpg;jpeg;jpe;resx;tiff;tif;png;wav;mfcribbon-ms</Extensions>
    </Filter>
    <Filter Include="Header Files">
      <UniqueIdentifier>{93995380-89BD-4b04-88EB-625FBE52EBFB}</UniqueIdentifier>
      <Extensions>h;hh;hpp;hxx;hm;inl;inc;ipp;xsd</Extensions>
    </Filter>
    <Filter Include="Header Files\AST">
      <UniqueIdentifier>{9b35a332-0b73-4aa4-b4dd-d2107e42901f}</UniqueIdentifier>
    </Filter>
    <Filter Include="Source Files\AST">
      <UniqueIdentifier>{860e0bcb-2b73-4f4d-96fe-c2591471bbcf}</UniqueIdentifier>
    </Filter>
    <Filter Include="Header Files\Exceptions">
      <UniqueIdentifier>{f44d9ae2-4402-4d0d-be1e-5578faa243e5}</UniqueIdentifier>
    </Filter>
    <Filter Include="Source Files\Exceptions">
      <UniqueIdentifier>{12608f9b-1b07-4986-aab1-cce806d62f91}</UniqueIdentifier>
    </Filter>
  </ItemGroup>
  <ItemGroup>
    <ClInclude Include="GraphQLParser\AST\ASTNode.h">
      <Filter>Header Files\AST</Filter>
    </ClInclude>
    <ClInclude Include="GraphQLParser\AST\Enums.h">
      <Filter>Header Files\AST</Filter>
    </ClInclude>
    <ClInclude Include="GraphQLParser\AST\GraphQLComment.h">
      <Filter>Header Files\AST</Filter>
    </ClInclude>
    <ClInclude Include="GraphQLParser\AST\GraphQLDocument.h">
      <Filter>Header Files\AST</Filter>
    </ClInclude>
    <ClInclude Include="GraphQLParser\AST\GraphQLLocation.h">
      <Filter>Header Files\AST</Filter>
    </ClInclude>
    <ClInclude Include="GraphQLParser\Parser.h">
      <Filter>Header Files</Filter>
    </ClInclude>
    <ClInclude Include="GraphQLParser\ParserContext.h">
      <Filter>Header Files</Filter>
    </ClInclude>
    <ClInclude Include="GraphQLParser\Token.h">
      <Filter>Header Files</Filter>
    </ClInclude>
    <ClInclude Include="GraphQLParser\TokenKind.h">
      <Filter>Header Files</Filter>
    </ClInclude>
    <ClInclude Include="GraphQLParser\Lexer1.h">
      <Filter>Header Files</Filter>
    </ClInclude>
    <ClInclude Include="GraphQLParser\Source.h">
      <Filter>Header Files</Filter>
    </ClInclude>
    <ClInclude Include="GraphQLParser\Exceptions\GraphQLSyntaxErrorException.h">
      <Filter>Header Files\Exceptions</Filter>
    </ClInclude>
    <ClInclude Include="GraphQLParser\Location.h">
      <Filter>Header Files</Filter>
    </ClInclude>
    <ClInclude Include="GraphQLParser\AST\GraphQLName.h">
      <Filter>Header Files\AST</Filter>
    </ClInclude>
    <ClInclude Include="GraphQLParser\AST\GraphQLOperationDefinition.h">
      <Filter>Header Files\AST</Filter>
    </ClInclude>
    <ClInclude Include="GraphQLParser\AST\GraphQLDirective.h">
      <Filter>Header Files\AST</Filter>
    </ClInclude>
    <ClInclude Include="GraphQLParser\AST\GraphQLArgument.h">
      <Filter>Header Files\AST</Filter>
    </ClInclude>
    <ClInclude Include="GraphQLParser\AST\GraphQLValue.h">
      <Filter>Header Files\AST</Filter>
    </ClInclude>
    <ClInclude Include="GraphQLParser\AST\GraphQLSelectionSet.h">
      <Filter>Header Files\AST</Filter>
    </ClInclude>
    <ClInclude Include="GraphQLParser\AST\GraphQLVariableDefinition.h">
      <Filter>Header Files\AST</Filter>
    </ClInclude>
    <ClInclude Include="GraphQLParser\AST\GraphQLType.h">
      <Filter>Header Files\AST</Filter>
    </ClInclude>
    <ClInclude Include="GraphQLParser\AST\GraphQLVariable.h">
      <Filter>Header Files\AST</Filter>
    </ClInclude>
    <ClInclude Include="GraphQLParser\AST\GraphQLFragmentSpread.h">
      <Filter>Header Files\AST</Filter>
    </ClInclude>
    <ClInclude Include="GraphQLParser\AST\GraphQLInlineFragment.h">
      <Filter>Header Files\AST</Filter>
    </ClInclude>
    <ClInclude Include="GraphQLParser\AST\GraphQLNamedType.h">
      <Filter>Header Files\AST</Filter>
    </ClInclude>
    <ClInclude Include="GraphQLParser\AST\GraphQLFieldSelection.h">
      <Filter>Header Files\AST</Filter>
    </ClInclude>
    <ClInclude Include="GraphQLParser\AST\GraphQLListValue.h">
      <Filter>Header Files\AST</Filter>
    </ClInclude>
    <ClInclude Include="GraphQLParser\AST\GraphQLObjectValue.h">
      <Filter>Header Files\AST</Filter>
    </ClInclude>
    <ClInclude Include="GraphQLParser\AST\GraphQLObjectField.h">
      <Filter>Header Files\AST</Filter>
    </ClInclude>
    <ClInclude Include="GraphQLParser\AST\GraphQLScalarValue.h">
      <Filter>Header Files\AST</Filter>
    </ClInclude>
    <ClInclude Include="GraphQLParser\AST\GraphQLListType.h">
      <Filter>Header Files\AST</Filter>
    </ClInclude>
    <ClInclude Include="GraphQLParser\AST\GraphQLNonNullType.h">
      <Filter>Header Files\AST</Filter>
    </ClInclude>
    <ClInclude Include="GraphQLParser\AST\GraphQLFragmentDefinition.h">
      <Filter>Header Files\AST</Filter>
    </ClInclude>
    <ClInclude Include="GraphQLParser\AST\GraphQLSchemaDefinition.h">
      <Filter>Header Files\AST</Filter>
    </ClInclude>
    <ClInclude Include="GraphQLParser\AST\GraphQLOperationTypeDefinition.h">
      <Filter>Header Files\AST</Filter>
    </ClInclude>
    <ClInclude Include="GraphQLParser\AST\GraphQLScalarTypeDefinition.h">
      <Filter>Header Files\AST</Filter>
    </ClInclude>
    <ClInclude Include="GraphQLParser\AST\GraphQLTypeDefinition.h">
      <Filter>Header Files\AST</Filter>
    </ClInclude>
    <ClInclude Include="GraphQLParser\AST\GraphQLObjectTypeDefinition.h">
      <Filter>Header Files\AST</Filter>
    </ClInclude>
    <ClInclude Include="GraphQLParser\AST\GraphQLFieldDefinition.h">
      <Filter>Header Files\AST</Filter>
    </ClInclude>
    <ClInclude Include="GraphQLParser\AST\GraphQLInputValueDefinition.h">
      <Filter>Header Files\AST</Filter>
    </ClInclude>
    <ClInclude Include="GraphQLParser\AST\GraphQLInterfaceTypeDefinition.h">
      <Filter>Header Files\AST</Filter>
    </ClInclude>
    <ClInclude Include="GraphQLParser\AST\GraphQLUnionTypeDefinition.h">
      <Filter>Header Files\AST</Filter>
    </ClInclude>
    <ClInclude Include="GraphQLParser\AST\GraphQLEnumTypeDefinition.h">
      <Filter>Header Files\AST</Filter>
    </ClInclude>
    <ClInclude Include="GraphQLParser\AST\GraphQLEnumValueDefinition.h">
      <Filter>Header Files\AST</Filter>
    </ClInclude>
    <ClInclude Include="GraphQLParser\AST\GraphQLInputObjectTypeDefinition.h">
      <Filter>Header Files\AST</Filter>
    </ClInclude>
    <ClInclude Include="GraphQLParser\AST\GraphQLTypeExtensionDefinition.h">
      <Filter>Header Files\AST</Filter>
    </ClInclude>
    <ClInclude Include="GraphQLParser\AST\GraphQLDirectiveDefinition.h">
      <Filter>Header Files\AST</Filter>
    </ClInclude>
    <ClInclude Include="GraphQLParser\LexerContext.h">
      <Filter>Header Files</Filter>
    </ClInclude>
  </ItemGroup>
  <ItemGroup>
    <ClCompile Include="GraphQLParser\AST\GraphQLLocation.cpp">
      <Filter>Source Files\AST</Filter>
    </ClCompile>
    <ClCompile Include="GraphQLParser\Lexer1.cpp">
      <Filter>Source Files</Filter>
    </ClCompile>
    <ClCompile Include="GraphQLParser\Source.cpp">
      <Filter>Source Files</Filter>
    </ClCompile>
    <ClCompile Include="GraphQLParser\ParserContext.cpp">
      <Filter>Source Files</Filter>
    </ClCompile>
    <ClCompile Include="GraphQLParser\Parser.cpp">
      <Filter>Source Files</Filter>
    </ClCompile>
    <ClCompile Include="GraphQLParser\Exceptions\GraphQLSyntaxErrorException.cpp">
      <Filter>Source Files\Exceptions</Filter>
    </ClCompile>
    <ClCompile Include="GraphQLParser\Location.cpp">
      <Filter>Source Files</Filter>
    </ClCompile>
    <ClCompile Include="GraphQLParser\AST\ASTNode.cpp">
      <Filter>Source Files\AST</Filter>
    </ClCompile>
    <ClCompile Include="GraphQLParser\AST\GraphQLNamedType.cpp">
      <Filter>Source Files\AST</Filter>
    </ClCompile>
    <ClCompile Include="GraphQLParser\AST\GraphQLListType.cpp">
      <Filter>Source Files\AST</Filter>
    </ClCompile>
    <ClCompile Include="GraphQLParser\LexerContext.cpp">
      <Filter>Source Files</Filter>
    </ClCompile>
    <ClCompile Include="GraphQLParser\AST\GraphQLArgument.cpp">
      <Filter>Source Files\AST</Filter>
    </ClCompile>
    <ClCompile Include="GraphQLParser\AST\GraphQLComment.cpp">
      <Filter>Source Files\AST</Filter>
    </ClCompile>
    <ClCompile Include="GraphQLParser\AST\GraphQLDirective.cpp">
      <Filter>Source Files\AST</Filter>
    </ClCompile>
    <ClCompile Include="GraphQLParser\AST\GraphQLTypeDefinition.cpp">
      <Filter>Source Files\AST</Filter>
    </ClCompile>
    <ClCompile Include="GraphQLParser\AST\GraphQLDirectiveDefinition.cpp">
      <Filter>Source Files\AST</Filter>
    </ClCompile>
  </ItemGroup>
</Project>